// !$*UTF8*$!
{
	archiveVersion = 1;
	classes = {
	};
	objectVersion = 56;
	objects = {

/* Begin PBXBuildFile section */
		7ACBA3D22B6ADC16002A99A0 /* ModularPredictorApp.swift in Sources */ = {isa = PBXBuildFile; fileRef = 7ACBA3D12B6ADC16002A99A0 /* ModularPredictorApp.swift */; };
		7ACBA3D42B6ADC16002A99A0 /* ContentView.swift in Sources */ = {isa = PBXBuildFile; fileRef = 7ACBA3D32B6ADC16002A99A0 /* ContentView.swift */; };
		7ACBA3D62B6ADC17002A99A0 /* Assets.xcassets in Resources */ = {isa = PBXBuildFile; fileRef = 7ACBA3D52B6ADC17002A99A0 /* Assets.xcassets */; };
		7ACBA3D92B6ADC17002A99A0 /* Preview Assets.xcassets in Resources */ = {isa = PBXBuildFile; fileRef = 7ACBA3D82B6ADC17002A99A0 /* Preview Assets.xcassets */; };
		7ACBA3E32B6ADC17002A99A0 /* ModularPredictorTests.swift in Sources */ = {isa = PBXBuildFile; fileRef = 7ACBA3E22B6ADC17002A99A0 /* ModularPredictorTests.swift */; };
		7ACBA3ED2B6ADC17002A99A0 /* ModularPredictorUITests.swift in Sources */ = {isa = PBXBuildFile; fileRef = 7ACBA3EC2B6ADC17002A99A0 /* ModularPredictorUITests.swift */; };
		7ACBA3EF2B6ADC17002A99A0 /* ModularPredictorUITestsLaunchTests.swift in Sources */ = {isa = PBXBuildFile; fileRef = 7ACBA3EE2B6ADC17002A99A0 /* ModularPredictorUITestsLaunchTests.swift */; };
		7ACBA3FC2B6ADC3D002A99A0 /* Model.swift in Sources */ = {isa = PBXBuildFile; fileRef = 7ACBA3FB2B6ADC3D002A99A0 /* Model.swift */; };
/* End PBXBuildFile section */

/* Begin PBXContainerItemProxy section */
		7ACBA3DF2B6ADC17002A99A0 /* PBXContainerItemProxy */ = {
			isa = PBXContainerItemProxy;
			containerPortal = 7ACBA3C62B6ADC16002A99A0 /* Project object */;
			proxyType = 1;
			remoteGlobalIDString = 7ACBA3CD2B6ADC16002A99A0;
			remoteInfo = ModularPredictor;
		};
		7ACBA3E92B6ADC17002A99A0 /* PBXContainerItemProxy */ = {
			isa = PBXContainerItemProxy;
			containerPortal = 7ACBA3C62B6ADC16002A99A0 /* Project object */;
			proxyType = 1;
			remoteGlobalIDString = 7ACBA3CD2B6ADC16002A99A0;
			remoteInfo = ModularPredictor;
		};
/* End PBXContainerItemProxy section */

/* Begin PBXFileReference section */
		7ACBA3CE2B6ADC16002A99A0 /* ModularPredictor.app */ = {isa = PBXFileReference; explicitFileType = wrapper.application; includeInIndex = 0; path = ModularPredictor.app; sourceTree = BUILT_PRODUCTS_DIR; };
		7ACBA3D12B6ADC16002A99A0 /* ModularPredictorApp.swift */ = {isa = PBXFileReference; lastKnownFileType = sourcecode.swift; path = ModularPredictorApp.swift; sourceTree = "<group>"; };
		7ACBA3D32B6ADC16002A99A0 /* ContentView.swift */ = {isa = PBXFileReference; lastKnownFileType = sourcecode.swift; path = ContentView.swift; sourceTree = "<group>"; };
		7ACBA3D52B6ADC17002A99A0 /* Assets.xcassets */ = {isa = PBXFileReference; lastKnownFileType = folder.assetcatalog; path = Assets.xcassets; sourceTree = "<group>"; };
		7ACBA3D82B6ADC17002A99A0 /* Preview Assets.xcassets */ = {isa = PBXFileReference; lastKnownFileType = folder.assetcatalog; path = "Preview Assets.xcassets"; sourceTree = "<group>"; };
		7ACBA3DE2B6ADC17002A99A0 /* ModularPredictorTests.xctest */ = {isa = PBXFileReference; explicitFileType = wrapper.cfbundle; includeInIndex = 0; path = ModularPredictorTests.xctest; sourceTree = BUILT_PRODUCTS_DIR; };
		7ACBA3E22B6ADC17002A99A0 /* ModularPredictorTests.swift */ = {isa = PBXFileReference; lastKnownFileType = sourcecode.swift; path = ModularPredictorTests.swift; sourceTree = "<group>"; };
		7ACBA3E82B6ADC17002A99A0 /* ModularPredictorUITests.xctest */ = {isa = PBXFileReference; explicitFileType = wrapper.cfbundle; includeInIndex = 0; path = ModularPredictorUITests.xctest; sourceTree = BUILT_PRODUCTS_DIR; };
		7ACBA3EC2B6ADC17002A99A0 /* ModularPredictorUITests.swift */ = {isa = PBXFileReference; lastKnownFileType = sourcecode.swift; path = ModularPredictorUITests.swift; sourceTree = "<group>"; };
		7ACBA3EE2B6ADC17002A99A0 /* ModularPredictorUITestsLaunchTests.swift */ = {isa = PBXFileReference; lastKnownFileType = sourcecode.swift; path = ModularPredictorUITestsLaunchTests.swift; sourceTree = "<group>"; };
		7ACBA3FB2B6ADC3D002A99A0 /* Model.swift */ = {isa = PBXFileReference; lastKnownFileType = sourcecode.swift; path = Model.swift; sourceTree = "<group>"; };
/* End PBXFileReference section */

/* Begin PBXFrameworksBuildPhase section */
		7ACBA3CB2B6ADC16002A99A0 /* Frameworks */ = {
			isa = PBXFrameworksBuildPhase;
			buildActionMask = 2147483647;
			files = (
			);
			runOnlyForDeploymentPostprocessing = 0;
		};
		7ACBA3DB2B6ADC17002A99A0 /* Frameworks */ = {
			isa = PBXFrameworksBuildPhase;
			buildActionMask = 2147483647;
			files = (
			);
			runOnlyForDeploymentPostprocessing = 0;
		};
		7ACBA3E52B6ADC17002A99A0 /* Frameworks */ = {
			isa = PBXFrameworksBuildPhase;
			buildActionMask = 2147483647;
			files = (
			);
			runOnlyForDeploymentPostprocessing = 0;
		};
/* End PBXFrameworksBuildPhase section */

/* Begin PBXGroup section */
		7ACBA3C52B6ADC16002A99A0 = {
			isa = PBXGroup;
			children = (
				7ACBA3D02B6ADC16002A99A0 /* ModularPredictor */,
				7ACBA3E12B6ADC17002A99A0 /* ModularPredictorTests */,
				7ACBA3EB2B6ADC17002A99A0 /* ModularPredictorUITests */,
				7ACBA3CF2B6ADC16002A99A0 /* Products */,
			);
			sourceTree = "<group>";
		};
		7ACBA3CF2B6ADC16002A99A0 /* Products */ = {
			isa = PBXGroup;
			children = (
				7ACBA3CE2B6ADC16002A99A0 /* ModularPredictor.app */,
				7ACBA3DE2B6ADC17002A99A0 /* ModularPredictorTests.xctest */,
				7ACBA3E82B6ADC17002A99A0 /* ModularPredictorUITests.xctest */,
			);
			name = Products;
			sourceTree = "<group>";
		};
		7ACBA3D02B6ADC16002A99A0 /* ModularPredictor */ = {
			isa = PBXGroup;
			children = (
				7ACBA3D12B6ADC16002A99A0 /* ModularPredictorApp.swift */,
				7ACBA3D32B6ADC16002A99A0 /* ContentView.swift */,
				7ACBA3FB2B6ADC3D002A99A0 /* Model.swift */,
				7ACBA3D52B6ADC17002A99A0 /* Assets.xcassets */,
				7ACBA3D72B6ADC17002A99A0 /* Preview Content */,
			);
			path = ModularPredictor;
			sourceTree = "<group>";
		};
		7ACBA3D72B6ADC17002A99A0 /* Preview Content */ = {
			isa = PBXGroup;
			children = (
				7ACBA3D82B6ADC17002A99A0 /* Preview Assets.xcassets */,
			);
			path = "Preview Content";
			sourceTree = "<group>";
		};
		7ACBA3E12B6ADC17002A99A0 /* ModularPredictorTests */ = {
			isa = PBXGroup;
			children = (
				7ACBA3E22B6ADC17002A99A0 /* ModularPredictorTests.swift */,
			);
			path = ModularPredictorTests;
			sourceTree = "<group>";
		};
		7ACBA3EB2B6ADC17002A99A0 /* ModularPredictorUITests */ = {
			isa = PBXGroup;
			children = (
				7ACBA3EC2B6ADC17002A99A0 /* ModularPredictorUITests.swift */,
				7ACBA3EE2B6ADC17002A99A0 /* ModularPredictorUITestsLaunchTests.swift */,
			);
			path = ModularPredictorUITests;
			sourceTree = "<group>";
		};
/* End PBXGroup section */

/* Begin PBXNativeTarget section */
		7ACBA3CD2B6ADC16002A99A0 /* ModularPredictor */ = {
			isa = PBXNativeTarget;
			buildConfigurationList = 7ACBA3F22B6ADC17002A99A0 /* Build configuration list for PBXNativeTarget "ModularPredictor" */;
			buildPhases = (
				7ACBA3CA2B6ADC16002A99A0 /* Sources */,
				7ACBA3CB2B6ADC16002A99A0 /* Frameworks */,
				7ACBA3CC2B6ADC16002A99A0 /* Resources */,
			);
			buildRules = (
			);
			dependencies = (
			);
			name = ModularPredictor;
			productName = ModularPredictor;
			productReference = 7ACBA3CE2B6ADC16002A99A0 /* ModularPredictor.app */;
			productType = "com.apple.product-type.application";
		};
		7ACBA3DD2B6ADC17002A99A0 /* ModularPredictorTests */ = {
			isa = PBXNativeTarget;
			buildConfigurationList = 7ACBA3F52B6ADC17002A99A0 /* Build configuration list for PBXNativeTarget "ModularPredictorTests" */;
			buildPhases = (
				7ACBA3DA2B6ADC17002A99A0 /* Sources */,
				7ACBA3DB2B6ADC17002A99A0 /* Frameworks */,
				7ACBA3DC2B6ADC17002A99A0 /* Resources */,
			);
			buildRules = (
			);
			dependencies = (
				7ACBA3E02B6ADC17002A99A0 /* PBXTargetDependency */,
			);
			name = ModularPredictorTests;
			productName = ModularPredictorTests;
			productReference = 7ACBA3DE2B6ADC17002A99A0 /* ModularPredictorTests.xctest */;
			productType = "com.apple.product-type.bundle.unit-test";
		};
		7ACBA3E72B6ADC17002A99A0 /* ModularPredictorUITests */ = {
			isa = PBXNativeTarget;
			buildConfigurationList = 7ACBA3F82B6ADC17002A99A0 /* Build configuration list for PBXNativeTarget "ModularPredictorUITests" */;
			buildPhases = (
				7ACBA3E42B6ADC17002A99A0 /* Sources */,
				7ACBA3E52B6ADC17002A99A0 /* Frameworks */,
				7ACBA3E62B6ADC17002A99A0 /* Resources */,
			);
			buildRules = (
			);
			dependencies = (
				7ACBA3EA2B6ADC17002A99A0 /* PBXTargetDependency */,
			);
			name = ModularPredictorUITests;
			productName = ModularPredictorUITests;
			productReference = 7ACBA3E82B6ADC17002A99A0 /* ModularPredictorUITests.xctest */;
			productType = "com.apple.product-type.bundle.ui-testing";
		};
/* End PBXNativeTarget section */

/* Begin PBXProject section */
		7ACBA3C62B6ADC16002A99A0 /* Project object */ = {
			isa = PBXProject;
			attributes = {
				BuildIndependentTargetsInParallel = 1;
				LastSwiftUpdateCheck = 1520;
				LastUpgradeCheck = 1520;
				TargetAttributes = {
					7ACBA3CD2B6ADC16002A99A0 = {
						CreatedOnToolsVersion = 15.2;
					};
					7ACBA3DD2B6ADC17002A99A0 = {
						CreatedOnToolsVersion = 15.2;
						TestTargetID = 7ACBA3CD2B6ADC16002A99A0;
					};
					7ACBA3E72B6ADC17002A99A0 = {
						CreatedOnToolsVersion = 15.2;
						TestTargetID = 7ACBA3CD2B6ADC16002A99A0;
					};
				};
			};
			buildConfigurationList = 7ACBA3C92B6ADC16002A99A0 /* Build configuration list for PBXProject "ModularPredictor" */;
			compatibilityVersion = "Xcode 14.0";
			developmentRegion = en;
			hasScannedForEncodings = 0;
			knownRegions = (
				en,
				Base,
			);
			mainGroup = 7ACBA3C52B6ADC16002A99A0;
			productRefGroup = 7ACBA3CF2B6ADC16002A99A0 /* Products */;
			projectDirPath = "";
			projectRoot = "";
			targets = (
				7ACBA3CD2B6ADC16002A99A0 /* ModularPredictor */,
				7ACBA3DD2B6ADC17002A99A0 /* ModularPredictorTests */,
				7ACBA3E72B6ADC17002A99A0 /* ModularPredictorUITests */,
			);
		};
/* End PBXProject section */

/* Begin PBXResourcesBuildPhase section */
		7ACBA3CC2B6ADC16002A99A0 /* Resources */ = {
			isa = PBXResourcesBuildPhase;
			buildActionMask = 2147483647;
			files = (
				7ACBA3D92B6ADC17002A99A0 /* Preview Assets.xcassets in Resources */,
				7ACBA3D62B6ADC17002A99A0 /* Assets.xcassets in Resources */,
			);
			runOnlyForDeploymentPostprocessing = 0;
		};
		7ACBA3DC2B6ADC17002A99A0 /* Resources */ = {
			isa = PBXResourcesBuildPhase;
			buildActionMask = 2147483647;
			files = (
			);
			runOnlyForDeploymentPostprocessing = 0;
		};
		7ACBA3E62B6ADC17002A99A0 /* Resources */ = {
			isa = PBXResourcesBuildPhase;
			buildActionMask = 2147483647;
			files = (
			);
			runOnlyForDeploymentPostprocessing = 0;
		};
/* End PBXResourcesBuildPhase section */

/* Begin PBXSourcesBuildPhase section */
		7ACBA3CA2B6ADC16002A99A0 /* Sources */ = {
			isa = PBXSourcesBuildPhase;
			buildActionMask = 2147483647;
			files = (
				7ACBA3FC2B6ADC3D002A99A0 /* Model.swift in Sources */,
				7ACBA3D42B6ADC16002A99A0 /* ContentView.swift in Sources */,
				7ACBA3D22B6ADC16002A99A0 /* ModularPredictorApp.swift in Sources */,
			);
			runOnlyForDeploymentPostprocessing = 0;
		};
		7ACBA3DA2B6ADC17002A99A0 /* Sources */ = {
			isa = PBXSourcesBuildPhase;
			buildActionMask = 2147483647;
			files = (
				7ACBA3E32B6ADC17002A99A0 /* ModularPredictorTests.swift in Sources */,
			);
			runOnlyForDeploymentPostprocessing = 0;
		};
		7ACBA3E42B6ADC17002A99A0 /* Sources */ = {
			isa = PBXSourcesBuildPhase;
			buildActionMask = 2147483647;
			files = (
				7ACBA3EF2B6ADC17002A99A0 /* ModularPredictorUITestsLaunchTests.swift in Sources */,
				7ACBA3ED2B6ADC17002A99A0 /* ModularPredictorUITests.swift in Sources */,
			);
			runOnlyForDeploymentPostprocessing = 0;
		};
/* End PBXSourcesBuildPhase section */

/* Begin PBXTargetDependency section */
		7ACBA3E02B6ADC17002A99A0 /* PBXTargetDependency */ = {
			isa = PBXTargetDependency;
			target = 7ACBA3CD2B6ADC16002A99A0 /* ModularPredictor */;
			targetProxy = 7ACBA3DF2B6ADC17002A99A0 /* PBXContainerItemProxy */;
		};
		7ACBA3EA2B6ADC17002A99A0 /* PBXTargetDependency */ = {
			isa = PBXTargetDependency;
			target = 7ACBA3CD2B6ADC16002A99A0 /* ModularPredictor */;
			targetProxy = 7ACBA3E92B6ADC17002A99A0 /* PBXContainerItemProxy */;
		};
/* End PBXTargetDependency section */

/* Begin XCBuildConfiguration section */
		7ACBA3F02B6ADC17002A99A0 /* Debug */ = {
			isa = XCBuildConfiguration;
			buildSettings = {
				ALWAYS_SEARCH_USER_PATHS = NO;
				ASSETCATALOG_COMPILER_GENERATE_SWIFT_ASSET_SYMBOL_EXTENSIONS = YES;
				CLANG_ANALYZER_NONNULL = YES;
				CLANG_ANALYZER_NUMBER_OBJECT_CONVERSION = YES_AGGRESSIVE;
				CLANG_CXX_LANGUAGE_STANDARD = "gnu++20";
				CLANG_ENABLE_MODULES = YES;
				CLANG_ENABLE_OBJC_ARC = YES;
				CLANG_ENABLE_OBJC_WEAK = YES;
				CLANG_WARN_BLOCK_CAPTURE_AUTORELEASING = YES;
				CLANG_WARN_BOOL_CONVERSION = YES;
				CLANG_WARN_COMMA = YES;
				CLANG_WARN_CONSTANT_CONVERSION = YES;
				CLANG_WARN_DEPRECATED_OBJC_IMPLEMENTATIONS = YES;
				CLANG_WARN_DIRECT_OBJC_ISA_USAGE = YES_ERROR;
				CLANG_WARN_DOCUMENTATION_COMMENTS = YES;
				CLANG_WARN_EMPTY_BODY = YES;
				CLANG_WARN_ENUM_CONVERSION = YES;
				CLANG_WARN_INFINITE_RECURSION = YES;
				CLANG_WARN_INT_CONVERSION = YES;
				CLANG_WARN_NON_LITERAL_NULL_CONVERSION = YES;
				CLANG_WARN_OBJC_IMPLICIT_RETAIN_SELF = YES;
				CLANG_WARN_OBJC_LITERAL_CONVERSION = YES;
				CLANG_WARN_OBJC_ROOT_CLASS = YES_ERROR;
				CLANG_WARN_QUOTED_INCLUDE_IN_FRAMEWORK_HEADER = YES;
				CLANG_WARN_RANGE_LOOP_ANALYSIS = YES;
				CLANG_WARN_STRICT_PROTOTYPES = YES;
				CLANG_WARN_SUSPICIOUS_MOVE = YES;
				CLANG_WARN_UNGUARDED_AVAILABILITY = YES_AGGRESSIVE;
				CLANG_WARN_UNREACHABLE_CODE = YES;
				CLANG_WARN__DUPLICATE_METHOD_MATCH = YES;
				COPY_PHASE_STRIP = NO;
				DEBUG_INFORMATION_FORMAT = dwarf;
				ENABLE_STRICT_OBJC_MSGSEND = YES;
				ENABLE_TESTABILITY = YES;
				ENABLE_USER_SCRIPT_SANDBOXING = YES;
				GCC_C_LANGUAGE_STANDARD = gnu17;
				GCC_DYNAMIC_NO_PIC = NO;
				GCC_NO_COMMON_BLOCKS = YES;
				GCC_OPTIMIZATION_LEVEL = 0;
				GCC_PREPROCESSOR_DEFINITIONS = (
					"DEBUG=1",
					"$(inherited)",
				);
				GCC_WARN_64_TO_32_BIT_CONVERSION = YES;
				GCC_WARN_ABOUT_RETURN_TYPE = YES_ERROR;
				GCC_WARN_UNDECLARED_SELECTOR = YES;
				GCC_WARN_UNINITIALIZED_AUTOS = YES_AGGRESSIVE;
				GCC_WARN_UNUSED_FUNCTION = YES;
				GCC_WARN_UNUSED_VARIABLE = YES;
				IPHONEOS_DEPLOYMENT_TARGET = 17.2;
				LOCALIZATION_PREFERS_STRING_CATALOGS = YES;
				MTL_ENABLE_DEBUG_INFO = INCLUDE_SOURCE;
				MTL_FAST_MATH = YES;
				ONLY_ACTIVE_ARCH = YES;
				SDKROOT = iphoneos;
				SWIFT_ACTIVE_COMPILATION_CONDITIONS = "DEBUG $(inherited)";
				SWIFT_OPTIMIZATION_LEVEL = "-Onone";
			};
			name = Debug;
		};
		7ACBA3F12B6ADC17002A99A0 /* Release */ = {
			isa = XCBuildConfiguration;
			buildSettings = {
				ALWAYS_SEARCH_USER_PATHS = NO;
				ASSETCATALOG_COMPILER_GENERATE_SWIFT_ASSET_SYMBOL_EXTENSIONS = YES;
				CLANG_ANALYZER_NONNULL = YES;
				CLANG_ANALYZER_NUMBER_OBJECT_CONVERSION = YES_AGGRESSIVE;
				CLANG_CXX_LANGUAGE_STANDARD = "gnu++20";
				CLANG_ENABLE_MODULES = YES;
				CLANG_ENABLE_OBJC_ARC = YES;
				CLANG_ENABLE_OBJC_WEAK = YES;
				CLANG_WARN_BLOCK_CAPTURE_AUTORELEASING = YES;
				CLANG_WARN_BOOL_CONVERSION = YES;
				CLANG_WARN_COMMA = YES;
				CLANG_WARN_CONSTANT_CONVERSION = YES;
				CLANG_WARN_DEPRECATED_OBJC_IMPLEMENTATIONS = YES;
				CLANG_WARN_DIRECT_OBJC_ISA_USAGE = YES_ERROR;
				CLANG_WARN_DOCUMENTATION_COMMENTS = YES;
				CLANG_WARN_EMPTY_BODY = YES;
				CLANG_WARN_ENUM_CONVERSION = YES;
				CLANG_WARN_INFINITE_RECURSION = YES;
				CLANG_WARN_INT_CONVERSION = YES;
				CLANG_WARN_NON_LITERAL_NULL_CONVERSION = YES;
				CLANG_WARN_OBJC_IMPLICIT_RETAIN_SELF = YES;
				CLANG_WARN_OBJC_LITERAL_CONVERSION = YES;
				CLANG_WARN_OBJC_ROOT_CLASS = YES_ERROR;
				CLANG_WARN_QUOTED_INCLUDE_IN_FRAMEWORK_HEADER = YES;
				CLANG_WARN_RANGE_LOOP_ANALYSIS = YES;
				CLANG_WARN_STRICT_PROTOTYPES = YES;
				CLANG_WARN_SUSPICIOUS_MOVE = YES;
				CLANG_WARN_UNGUARDED_AVAILABILITY = YES_AGGRESSIVE;
				CLANG_WARN_UNREACHABLE_CODE = YES;
				CLANG_WARN__DUPLICATE_METHOD_MATCH = YES;
				COPY_PHASE_STRIP = NO;
				DEBUG_INFORMATION_FORMAT = "dwarf-with-dsym";
				ENABLE_NS_ASSERTIONS = NO;
				ENABLE_STRICT_OBJC_MSGSEND = YES;
				ENABLE_USER_SCRIPT_SANDBOXING = YES;
				GCC_C_LANGUAGE_STANDARD = gnu17;
				GCC_NO_COMMON_BLOCKS = YES;
				GCC_WARN_64_TO_32_BIT_CONVERSION = YES;
				GCC_WARN_ABOUT_RETURN_TYPE = YES_ERROR;
				GCC_WARN_UNDECLARED_SELECTOR = YES;
				GCC_WARN_UNINITIALIZED_AUTOS = YES_AGGRESSIVE;
				GCC_WARN_UNUSED_FUNCTION = YES;
				GCC_WARN_UNUSED_VARIABLE = YES;
				IPHONEOS_DEPLOYMENT_TARGET = 17.2;
				LOCALIZATION_PREFERS_STRING_CATALOGS = YES;
				MTL_ENABLE_DEBUG_INFO = NO;
				MTL_FAST_MATH = YES;
				SDKROOT = iphoneos;
				SWIFT_COMPILATION_MODE = wholemodule;
				VALIDATE_PRODUCT = YES;
			};
			name = Release;
		};
		7ACBA3F32B6ADC17002A99A0 /* Debug */ = {
			isa = XCBuildConfiguration;
			buildSettings = {
				ASSETCATALOG_COMPILER_APPICON_NAME = AppIcon;
				ASSETCATALOG_COMPILER_GLOBAL_ACCENT_COLOR_NAME = AccentColor;
				CODE_SIGN_STYLE = Automatic;
				CURRENT_PROJECT_VERSION = 1;
				DEVELOPMENT_ASSET_PATHS = "\"ModularPredictor/Preview Content\"";
				DEVELOPMENT_TEAM = 2DDP9BK6TP;
				ENABLE_PREVIEWS = YES;
				GENERATE_INFOPLIST_FILE = YES;
				INFOPLIST_KEY_UIApplicationSceneManifest_Generation = YES;
				INFOPLIST_KEY_UIApplicationSupportsIndirectInputEvents = YES;
				INFOPLIST_KEY_UILaunchScreen_Generation = YES;
				INFOPLIST_KEY_UISupportedInterfaceOrientations_iPad = "UIInterfaceOrientationPortrait UIInterfaceOrientationPortraitUpsideDown UIInterfaceOrientationLandscapeLeft UIInterfaceOrientationLandscapeRight";
				INFOPLIST_KEY_UISupportedInterfaceOrientations_iPhone = "UIInterfaceOrientationPortrait UIInterfaceOrientationLandscapeLeft UIInterfaceOrientationLandscapeRight";
				LD_RUNPATH_SEARCH_PATHS = (
					"$(inherited)",
					"@executable_path/Frameworks",
				);
				MARKETING_VERSION = 1.0;
				PRODUCT_BUNDLE_IDENTIFIER = "Robert-Bates.ModularPredictor";
				PRODUCT_NAME = "$(TARGET_NAME)";
				SWIFT_EMIT_LOC_STRINGS = YES;
				SWIFT_VERSION = 5.0;
				TARGETED_DEVICE_FAMILY = "1,2";
			};
			name = Debug;
		};
		7ACBA3F42B6ADC17002A99A0 /* Release */ = {
			isa = XCBuildConfiguration;
			buildSettings = {
				ASSETCATALOG_COMPILER_APPICON_NAME = AppIcon;
				ASSETCATALOG_COMPILER_GLOBAL_ACCENT_COLOR_NAME = AccentColor;
				CODE_SIGN_STYLE = Automatic;
				CURRENT_PROJECT_VERSION = 1;
				DEVELOPMENT_ASSET_PATHS = "\"ModularPredictor/Preview Content\"";
				DEVELOPMENT_TEAM = 2DDP9BK6TP;
				ENABLE_PREVIEWS = YES;
				GENERATE_INFOPLIST_FILE = YES;
				INFOPLIST_KEY_UIApplicationSceneManifest_Generation = YES;
				INFOPLIST_KEY_UIApplicationSupportsIndirectInputEvents = YES;
				INFOPLIST_KEY_UILaunchScreen_Generation = YES;
				INFOPLIST_KEY_UISupportedInterfaceOrientations_iPad = "UIInterfaceOrientationPortrait UIInterfaceOrientationPortraitUpsideDown UIInterfaceOrientationLandscapeLeft UIInterfaceOrientationLandscapeRight";
				INFOPLIST_KEY_UISupportedInterfaceOrientations_iPhone = "UIInterfaceOrientationPortrait UIInterfaceOrientationLandscapeLeft UIInterfaceOrientationLandscapeRight";
				LD_RUNPATH_SEARCH_PATHS = (
					"$(inherited)",
					"@executable_path/Frameworks",
				);
				MARKETING_VERSION = 1.0;
				PRODUCT_BUNDLE_IDENTIFIER = "Robert-Bates.ModularPredictor";
				PRODUCT_NAME = "$(TARGET_NAME)";
				SWIFT_EMIT_LOC_STRINGS = YES;
				SWIFT_VERSION = 5.0;
				TARGETED_DEVICE_FAMILY = "1,2";
			};
			name = Release;
		};
		7ACBA3F62B6ADC17002A99A0 /* Debug */ = {
			isa = XCBuildConfiguration;
			buildSettings = {
				ALWAYS_EMBED_SWIFT_STANDARD_LIBRARIES = YES;
				BUNDLE_LOADER = "$(TEST_HOST)";
				CODE_SIGN_STYLE = Automatic;
				CURRENT_PROJECT_VERSION = 1;
				DEVELOPMENT_TEAM = 2DDP9BK6TP;
				GENERATE_INFOPLIST_FILE = YES;
				IPHONEOS_DEPLOYMENT_TARGET = 17.2;
				MARKETING_VERSION = 1.0;
				PRODUCT_BUNDLE_IDENTIFIER = "Robert-Bates.ModularPredictorTests";
				PRODUCT_NAME = "$(TARGET_NAME)";
				SWIFT_EMIT_LOC_STRINGS = NO;
				SWIFT_VERSION = 5.0;
				TARGETED_DEVICE_FAMILY = "1,2";
				TEST_HOST = "$(BUILT_PRODUCTS_DIR)/ModularPredictor.app/$(BUNDLE_EXECUTABLE_FOLDER_PATH)/ModularPredictor";
			};
			name = Debug;
		};
		7ACBA3F72B6ADC17002A99A0 /* Release */ = {
			isa = XCBuildConfiguration;
			buildSettings = {
				ALWAYS_EMBED_SWIFT_STANDARD_LIBRARIES = YES;
				BUNDLE_LOADER = "$(TEST_HOST)";
				CODE_SIGN_STYLE = Automatic;
				CURRENT_PROJECT_VERSION = 1;
				DEVELOPMENT_TEAM = 2DDP9BK6TP;
				GENERATE_INFOPLIST_FILE = YES;
				IPHONEOS_DEPLOYMENT_TARGET = 17.2;
				MARKETING_VERSION = 1.0;
				PRODUCT_BUNDLE_IDENTIFIER = "Robert-Bates.ModularPredictorTests";
				PRODUCT_NAME = "$(TARGET_NAME)";
				SWIFT_EMIT_LOC_STRINGS = NO;
				SWIFT_VERSION = 5.0;
				TARGETED_DEVICE_FAMILY = "1,2";
				TEST_HOST = "$(BUILT_PRODUCTS_DIR)/ModularPredictor.app/$(BUNDLE_EXECUTABLE_FOLDER_PATH)/ModularPredictor";
			};
			name = Release;
		};
		7ACBA3F92B6ADC17002A99A0 /* Debug */ = {
			isa = XCBuildConfiguration;
			buildSettings = {
				ALWAYS_EMBED_SWIFT_STANDARD_LIBRARIES = YES;
				CODE_SIGN_STYLE = Automatic;
				CURRENT_PROJECT_VERSION = 1;
				DEVELOPMENT_TEAM = 2DDP9BK6TP;
				GENERATE_INFOPLIST_FILE = YES;
				MARKETING_VERSION = 1.0;
				PRODUCT_BUNDLE_IDENTIFIER = "Robert-Bates.ModularPredictorUITests";
				PRODUCT_NAME = "$(TARGET_NAME)";
				SWIFT_EMIT_LOC_STRINGS = NO;
				SWIFT_VERSION = 5.0;
				TARGETED_DEVICE_FAMILY = "1,2";
				TEST_TARGET_NAME = ModularPredictor;
			};
			name = Debug;
		};
		7ACBA3FA2B6ADC17002A99A0 /* Release */ = {
			isa = XCBuildConfiguration;
			buildSettings = {
				ALWAYS_EMBED_SWIFT_STANDARD_LIBRARIES = YES;
				CODE_SIGN_STYLE = Automatic;
				CURRENT_PROJECT_VERSION = 1;
				DEVELOPMENT_TEAM = 2DDP9BK6TP;
				GENERATE_INFOPLIST_FILE = YES;
				MARKETING_VERSION = 1.0;
				PRODUCT_BUNDLE_IDENTIFIER = "Robert-Bates.ModularPredictorUITests";
				PRODUCT_NAME = "$(TARGET_NAME)";
				SWIFT_EMIT_LOC_STRINGS = NO;
				SWIFT_VERSION = 5.0;
				TARGETED_DEVICE_FAMILY = "1,2";
				TEST_TARGET_NAME = ModularPredictor;
			};
			name = Release;
		};
/* End XCBuildConfiguration section */

/* Begin XCConfigurationList section */
		7ACBA3C92B6ADC16002A99A0 /* Build configuration list for PBXProject "ModularPredictor" */ = {
			isa = XCConfigurationList;
			buildConfigurations = (
				7ACBA3F02B6ADC17002A99A0 /* Debug */,
				7ACBA3F12B6ADC17002A99A0 /* Release */,
			);
			defaultConfigurationIsVisible = 0;
			defaultConfigurationName = Release;
		};
		7ACBA3F22B6ADC17002A99A0 /* Build configuration list for PBXNativeTarget "ModularPredictor" */ = {
			isa = XCConfigurationList;
			buildConfigurations = (
				7ACBA3F32B6ADC17002A99A0 /* Debug */,
				7ACBA3F42B6ADC17002A99A0 /* Release */,
			);
			defaultConfigurationIsVisible = 0;
			defaultConfigurationName = Release;
		};
		7ACBA3F52B6ADC17002A99A0 /* Build configuration list for PBXNativeTarget "ModularPredictorTests" */ = {
			isa = XCConfigurationList;
			buildConfigurations = (
				7ACBA3F62B6ADC17002A99A0 /* Debug */,
				7ACBA3F72B6ADC17002A99A0 /* Release */,
			);
			defaultConfigurationIsVisible = 0;
			defaultConfigurationName = Release;
		};
		7ACBA3F82B6ADC17002A99A0 /* Build configuration list for PBXNativeTarget "ModularPredictorUITests" */ = {
			isa = XCConfigurationList;
			buildConfigurations = (
				7ACBA3F92B6ADC17002A99A0 /* Debug */,
				7ACBA3FA2B6ADC17002A99A0 /* Release */,
			);
			defaultConfigurationIsVisible = 0;
			defaultConfigurationName = Release;
		};
/* End XCConfigurationList section */
	};
	rootObject = 7ACBA3C62B6ADC16002A99A0 /* Project object */;
}
